
Microsoft Visual Studio Solution File, Format Version 12.00
# Visual Studio Version 16
VisualStudioVersion = 16.0.29519.87
MinimumVisualStudioVersion = 10.0.40219.1
Project("{9092AA53-FB77-4645-B42D-1CCCA6BD08BD}") = "NodejsWebApp1", "NodejsWebApp1.njsproj", "{D3819065-6D18-4E96-8A44-800F04EE5AA1}"
EndProject
Global
	GlobalSection(SolutionConfigurationPlatforms) = preSolution
		Debug|Any CPU = Debug|Any CPU
		Release|Any CPU = Release|Any CPU
	EndGlobalSection
	GlobalSection(ProjectConfigurationPlatforms) = postSolution
		{D3819065-6D18-4E96-8A44-800F04EE5AA1}.Debug|Any CPU.ActiveCfg = Debug|Any CPU
		{D3819065-6D18-4E96-8A44-800F04EE5AA1}.Debug|Any CPU.Build.0 = Debug|Any CPU
		{D3819065-6D18-4E96-8A44-800F04EE5AA1}.Release|Any CPU.ActiveCfg = Release|Any CPU
		{D3819065-6D18-4E96-8A44-800F04EE5AA1}.Release|Any CPU.Build.0 = Release|Any CPU
	EndGlobalSection
	GlobalSection(SolutionProperties) = preSolution
		HideSolutionNode = FALSE
	EndGlobalSection
	GlobalSection(ExtensibilityGlobals) = postSolution
		SolutionGuid = {E9D61B6F-9959-49B9-8FD5-C2B0E3226A9E}
	EndGlobalSection
EndGlobal
